
Microsoft Visual Studio Solution File, Format Version 12.00
Project("{FAE04EC0-301F-11D3-BF4B-00C04F79EFBC}") = "kolokwium_s30708_grC", "kolokwium_s30708_grC\kolokwium_s30708_grC.csproj", "{A40EC00C-726A-450C-BC51-553C7AA40390}"
EndProject
Global
	GlobalSection(SolutionConfigurationPlatforms) = preSolution
		Debug|Any CPU = Debug|Any CPU
		Release|Any CPU = Release|Any CPU
	EndGlobalSection
	GlobalSection(ProjectConfigurationPlatforms) = postSolution
		{A40EC00C-726A-450C-BC51-553C7AA40390}.Debug|Any CPU.ActiveCfg = Debug|Any CPU
		{A40EC00C-726A-450C-BC51-553C7AA40390}.Debug|Any CPU.Build.0 = Debug|Any CPU
		{A40EC00C-726A-450C-BC51-553C7AA40390}.Release|Any CPU.ActiveCfg = Release|Any CPU
		{A40EC00C-726A-450C-BC51-553C7AA40390}.Release|Any CPU.Build.0 = Release|Any CPU
	EndGlobalSection
EndGlobal
